<Solution>
  <Folder Name="/apps/" />
  <Folder Name="/apps/api/" />
  <Folder Name="/apps/api/src/" />
  <Folder Name="/apps/api/src/Api/">
    <Project Path="apps/api/src/Api/DocumentSignaturePortal.Api.csproj" />
  </Folder>
  <Folder Name="/apps/api/src/Application/">
    <Project Path="apps/api/src/Application/DocumentSignaturePortal.Application.csproj" />
  </Folder>
  <Folder Name="/apps/api/src/Domain/">
    <Project Path="apps/api/src/Domain/DocumentSignaturePortal.Domain.csproj" />
  </Folder>
  <Folder Name="/apps/api/src/Infrastructure/">
    <Project Path="apps/api/src/Infrastructure/DocumentSignaturePortal.Infrastructure.csproj" />
  </Folder>
  <Folder Name="/apps/api/tests/" />
  <Folder Name="/apps/api/tests/Application.Tests/">
    <Project Path="apps/api/tests/Application.Tests/DocumentSignaturePortal.Application.Tests.csproj" />
  </Folder>
  <Folder Name="/apps/api/tests/Architecture.Tests/">
    <Project Path="apps/api/tests/Architecture.Tests/DocumentSignaturePortal.Architecture.Tests.csproj" />
  </Folder>
  <Folder Name="/apps/api/tests/Domain.Tests/">
    <Project Path="apps/api/tests/Domain.Tests/DocumentSignaturePortal.Domain.Tests.csproj" />
  </Folder>
  <Folder Name="/apps/api/tests/Infrastructure.Tests/">
    <Project Path="apps/api/tests/Infrastructure.Tests/DocumentSignaturePortal.Infrastructure.Tests.csproj" />
  </Folder>
</Solution>
